dependencies:
- name: spring-boot-example-app
  repository: http://localhost:8080
  version: 0.0.4
- name: spring-boot-example-app
  repository: http://localhost:8080
  version: 0.0.4
digest: sha256:22c5ac81780d1412661cf2692e5a9f9b02adfcfc1ccdbbd408738177fda471ee
generated: "2022-02-08T15:03:32.919000281+01:00"
